
Microsoft Visual Studio Solution File, Format Version 12.00
# Visual Studio Version 17
VisualStudioVersion = 17.10.35013.160
MinimumVisualStudioVersion = 10.0.40219.1
Project("{9A19103F-16F7-4668-BE54-9A1E7A4F7556}") = "SecureUrlManager.App", "src\SecureUrlManager.App\SecureUrlManager.App.csproj", "{77ED5D70-E1F3-4004-B24B-F46E8C31A656}"
EndProject
Global
	GlobalSection(SolutionConfigurationPlatforms) = preSolution
		Debug|Any CPU = Debug|Any CPU
		Release|Any CPU = Release|Any CPU
	EndGlobalSection
	GlobalSection(ProjectConfigurationPlatforms) = postSolution
		{77ED5D70-E1F3-4004-B24B-F46E8C31A656}.Debug|Any CPU.ActiveCfg = Debug|Any CPU
		{77ED5D70-E1F3-4004-B24B-F46E8C31A656}.Debug|Any CPU.Build.0 = Debug|Any CPU
		{77ED5D70-E1F3-4004-B24B-F46E8C31A656}.Release|Any CPU.ActiveCfg = Release|Any CPU
		{77ED5D70-E1F3-4004-B24B-F46E8C31A656}.Release|Any CPU.Build.0 = Release|Any CPU
	EndGlobalSection
	GlobalSection(SolutionProperties) = preSolution
		HideSolutionNode = FALSE
	EndGlobalSection
	GlobalSection(ExtensibilityGlobals) = postSolution
		SolutionGuid = {19A0E139-E5D5-4C4B-99CC-3C6FF9EDFAC0}
	EndGlobalSection
EndGlobal
