{
  "name": "@secure-url-manager/app",
  "version": "1.0.0",
  "lockfileVersion": 3,
  "requires": true,
  "packages": {
    "": {
      "name": "@secure-url-manager/app",
      "version": "1.0.0",
      "dependencies": {
        "modern-normalize": "^2.0.0",
        "mvp.css": "^1.15.0",
        "toastify-js": "^1.12.0"
      }
    },
    "node_modules/modern-normalize": {
      "version": "2.0.0",
      "resolved": "https://registry.npmjs.org/modern-normalize/-/modern-normalize-2.0.0.tgz",
      "integrity": "sha512-CxBoEVKh5U4DH3XuNbc5ONLF6dQBc8dSc7pdZ1957FGbIO5JBqGqqchhET9dTexri8/pk9xBL6+5ceOtCIp1QA==",
      "engines": {
        "node": ">=6"
      },
      "funding": {
        "url": "https://github.com/sponsors/sindresorhus"
      }
    },
    "node_modules/mvp.css": {
      "version": "1.15.0",
      "resolved": "https://registry.npmjs.org/mvp.css/-/mvp.css-1.15.0.tgz",
      "integrity": "sha512-1imgST97G3yWJMRVVGRQKwxmkwJBLu74PsfThOpCtOcHlIS2PDC0zLvnhTX42b2BOe2UnJAgeQmujq0Q1IEBFA=="
    },
    "node_modules/toastify-js": {
      "version": "1.12.0",
      "resolved": "https://registry.npmjs.org/toastify-js/-/toastify-js-1.12.0.tgz",
      "integrity": "sha512-HeMHCO9yLPvP9k0apGSdPUWrUbLnxUKNFzgUoZp1PHCLploIX/4DSQ7V8H25ef+h4iO9n0he7ImfcndnN6nDrQ=="
    }
  }
}
